
Microsoft Visual Studio Solution File, Format Version 12.00
# Visual Studio Version 17
VisualStudioVersion = 17.1.32414.318
MinimumVisualStudioVersion = 10.0.40219.1
Project("{9A19103F-16F7-4668-BE54-9A1E7A4F7556}") = "Relax", "Relax\Relax.csproj", "{4D4CEB6B-06F9-4F33-8610-0B529E36EA74}"
EndProject
Project("{9A19103F-16F7-4668-BE54-9A1E7A4F7556}") = "Relax.Interfaces", "Relax.Interfaces\Relax.Interfaces.csproj", "{3D79EA3C-1184-42D6-81B6-7D6065434105}"
EndProject
Project("{2150E333-8FDC-42A3-9474-1A3956D46DE8}") = "Lib", "Lib", "{4ADCB659-08F9-4632-A9C9-37389654E65D}"
EndProject
Project("{9A19103F-16F7-4668-BE54-9A1E7A4F7556}") = "Relax.Utils", "Relax.Utils\Relax.Utils.csproj", "{E3B31CE3-967E-466C-8481-FAE4158B701C}"
EndProject
Project("{9A19103F-16F7-4668-BE54-9A1E7A4F7556}") = "Relax.Characters.Client", "..\Relax.Characters\Relax.Characters.Client\Relax.Characters.Client.csproj", "{F76331C2-25FA-4500-8F02-C04A8836EDBD}"
EndProject
Project("{9A19103F-16F7-4668-BE54-9A1E7A4F7556}") = "Kalantyr.Auth.Client", "..\Kalantyr.Auth\Kalantyr.Auth.Client\Kalantyr.Auth.Client.csproj", "{DA74E1F2-A944-4C75-8B51-837FF6A97F1D}"
EndProject
Project("{9A19103F-16F7-4668-BE54-9A1E7A4F7556}") = "Kalantyr.Web", "..\Kalantyr.Auth\Kalantyr.Libs\Kalantyr.Web\Kalantyr.Web.csproj", "{11140565-7BB1-4FAB-9317-B4BD72310499}"
EndProject
Global
	GlobalSection(SolutionConfigurationPlatforms) = preSolution
		Debug|Any CPU = Debug|Any CPU
		Release|Any CPU = Release|Any CPU
	EndGlobalSection
	GlobalSection(ProjectConfigurationPlatforms) = postSolution
		{4D4CEB6B-06F9-4F33-8610-0B529E36EA74}.Debug|Any CPU.ActiveCfg = Debug|Any CPU
		{4D4CEB6B-06F9-4F33-8610-0B529E36EA74}.Debug|Any CPU.Build.0 = Debug|Any CPU
		{4D4CEB6B-06F9-4F33-8610-0B529E36EA74}.Release|Any CPU.ActiveCfg = Release|Any CPU
		{4D4CEB6B-06F9-4F33-8610-0B529E36EA74}.Release|Any CPU.Build.0 = Release|Any CPU
		{3D79EA3C-1184-42D6-81B6-7D6065434105}.Debug|Any CPU.ActiveCfg = Debug|Any CPU
		{3D79EA3C-1184-42D6-81B6-7D6065434105}.Debug|Any CPU.Build.0 = Debug|Any CPU
		{3D79EA3C-1184-42D6-81B6-7D6065434105}.Release|Any CPU.ActiveCfg = Release|Any CPU
		{3D79EA3C-1184-42D6-81B6-7D6065434105}.Release|Any CPU.Build.0 = Release|Any CPU
		{E3B31CE3-967E-466C-8481-FAE4158B701C}.Debug|Any CPU.ActiveCfg = Debug|Any CPU
		{E3B31CE3-967E-466C-8481-FAE4158B701C}.Debug|Any CPU.Build.0 = Debug|Any CPU
		{E3B31CE3-967E-466C-8481-FAE4158B701C}.Release|Any CPU.ActiveCfg = Release|Any CPU
		{E3B31CE3-967E-466C-8481-FAE4158B701C}.Release|Any CPU.Build.0 = Release|Any CPU
		{F76331C2-25FA-4500-8F02-C04A8836EDBD}.Debug|Any CPU.ActiveCfg = Debug|Any CPU
		{F76331C2-25FA-4500-8F02-C04A8836EDBD}.Debug|Any CPU.Build.0 = Debug|Any CPU
		{F76331C2-25FA-4500-8F02-C04A8836EDBD}.Release|Any CPU.ActiveCfg = Release|Any CPU
		{F76331C2-25FA-4500-8F02-C04A8836EDBD}.Release|Any CPU.Build.0 = Release|Any CPU
		{DA74E1F2-A944-4C75-8B51-837FF6A97F1D}.Debug|Any CPU.ActiveCfg = Debug|Any CPU
		{DA74E1F2-A944-4C75-8B51-837FF6A97F1D}.Debug|Any CPU.Build.0 = Debug|Any CPU
		{DA74E1F2-A944-4C75-8B51-837FF6A97F1D}.Release|Any CPU.ActiveCfg = Release|Any CPU
		{DA74E1F2-A944-4C75-8B51-837FF6A97F1D}.Release|Any CPU.Build.0 = Release|Any CPU
		{11140565-7BB1-4FAB-9317-B4BD72310499}.Debug|Any CPU.ActiveCfg = Debug|Any CPU
		{11140565-7BB1-4FAB-9317-B4BD72310499}.Debug|Any CPU.Build.0 = Debug|Any CPU
		{11140565-7BB1-4FAB-9317-B4BD72310499}.Release|Any CPU.ActiveCfg = Release|Any CPU
		{11140565-7BB1-4FAB-9317-B4BD72310499}.Release|Any CPU.Build.0 = Release|Any CPU
	EndGlobalSection
	GlobalSection(SolutionProperties) = preSolution
		HideSolutionNode = FALSE
	EndGlobalSection
	GlobalSection(NestedProjects) = preSolution
		{F76331C2-25FA-4500-8F02-C04A8836EDBD} = {4ADCB659-08F9-4632-A9C9-37389654E65D}
		{DA74E1F2-A944-4C75-8B51-837FF6A97F1D} = {4ADCB659-08F9-4632-A9C9-37389654E65D}
		{11140565-7BB1-4FAB-9317-B4BD72310499} = {4ADCB659-08F9-4632-A9C9-37389654E65D}
	EndGlobalSection
	GlobalSection(ExtensibilityGlobals) = postSolution
		SolutionGuid = {C2A30E5A-5D9D-4240-8A7A-97651A1FDF3D}
	EndGlobalSection
EndGlobal
